
Microsoft Visual Studio Solution File, Format Version 12.00
# Visual Studio 14
VisualStudioVersion = 14.0.25420.1
MinimumVisualStudioVersion = 10.0.40219.1
Project("{2150E333-8FDC-42A3-9474-1A3956D46DE8}") = "src", "src", "{728327E8-2CBE-46B9-81A1-816BD773B7E6}"
EndProject
Project("{2150E333-8FDC-42A3-9474-1A3956D46DE8}") = "Solution Items", "Solution Items", "{D9205B18-18BD-433E-97D0-8CF2F7D1D65A}"
	ProjectSection(SolutionItems) = preProject
		global.json = global.json
	EndProjectSection
EndProject
Project("{8BB2217D-0F2D-49D1-97BC-3654ED321F3B}") = "DijkstrasAlgorithm", "src\DijkstrasAlgorithm\DijkstrasAlgorithm.xproj", "{D73E4A54-85B0-4761-8B32-1FD93788F311}"
EndProject
Global
	GlobalSection(SolutionConfigurationPlatforms) = preSolution
		Debug|Any CPU = Debug|Any CPU
		Release|Any CPU = Release|Any CPU
	EndGlobalSection
	GlobalSection(ProjectConfigurationPlatforms) = postSolution
		{D73E4A54-85B0-4761-8B32-1FD93788F311}.Debug|Any CPU.ActiveCfg = Debug|Any CPU
		{D73E4A54-85B0-4761-8B32-1FD93788F311}.Debug|Any CPU.Build.0 = Debug|Any CPU
		{D73E4A54-85B0-4761-8B32-1FD93788F311}.Release|Any CPU.ActiveCfg = Release|Any CPU
		{D73E4A54-85B0-4761-8B32-1FD93788F311}.Release|Any CPU.Build.0 = Release|Any CPU
	EndGlobalSection
	GlobalSection(SolutionProperties) = preSolution
		HideSolutionNode = FALSE
	EndGlobalSection
	GlobalSection(NestedProjects) = preSolution
		{D73E4A54-85B0-4761-8B32-1FD93788F311} = {728327E8-2CBE-46B9-81A1-816BD773B7E6}
	EndGlobalSection
EndGlobal
